// !$*UTF8*$!
{
	archiveVersion = 1;
	classes = {
	};
	objectVersion = 46;
	objects = {

/* Begin PBXBuildFile section */
		3D8583CC148CA76F00826890 /* CoreLocation.framework in Frameworks */ = {isa = PBXBuildFile; fileRef = 3D8583CB148CA76F00826890 /* CoreLocation.framework */; };
		3D8583EE148CAE5F00826890 /* ASIAuthenticationDialog.m in Sources */ = {isa = PBXBuildFile; fileRef = 3D8583DB148CAE5F00826890 /* ASIAuthenticationDialog.m */; };
		3D8583EF148CAE5F00826890 /* ASIDataCompressor.m in Sources */ = {isa = PBXBuildFile; fileRef = 3D8583DE148CAE5F00826890 /* ASIDataCompressor.m */; };
		3D8583F0148CAE5F00826890 /* ASIDataDecompressor.m in Sources */ = {isa = PBXBuildFile; fileRef = 3D8583E0148CAE5F00826890 /* ASIDataDecompressor.m */; };
		3D8583F1148CAE5F00826890 /* ASIDownloadCache.m in Sources */ = {isa = PBXBuildFile; fileRef = 3D8583E2148CAE5F00826890 /* ASIDownloadCache.m */; };
		3D8583F2148CAE5F00826890 /* ASIFormDataRequest.m in Sources */ = {isa = PBXBuildFile; fileRef = 3D8583E4148CAE5F00826890 /* ASIFormDataRequest.m */; };
		3D8583F3148CAE5F00826890 /* ASIHTTPRequest.m in Sources */ = {isa = PBXBuildFile; fileRef = 3D8583E6148CAE5F00826890 /* ASIHTTPRequest.m */; };
		3D8583F4148CAE5F00826890 /* ASIInputStream.m in Sources */ = {isa = PBXBuildFile; fileRef = 3D8583EA148CAE5F00826890 /* ASIInputStream.m */; };
		3D8583F5148CAE5F00826890 /* ASINetworkQueue.m in Sources */ = {isa = PBXBuildFile; fileRef = 3D8583EC148CAE5F00826890 /* ASINetworkQueue.m */; };
		3D85840A148CAF1C00826890 /* SBJsonWriter.m in Sources */ = {isa = PBXBuildFile; fileRef = 3D8583F7148CAF1B00826890 /* SBJsonWriter.m */; };
		3D85840B148CAF1C00826890 /* SBJsonTokeniser.m in Sources */ = {isa = PBXBuildFile; fileRef = 3D8583F9148CAF1B00826890 /* SBJsonTokeniser.m */; };
		3D85840C148CAF1C00826890 /* SBJsonStreamWriterState.m in Sources */ = {isa = PBXBuildFile; fileRef = 3D8583FB148CAF1B00826890 /* SBJsonStreamWriterState.m */; };
		3D85840D148CAF1C00826890 /* SBJsonStreamWriter.m in Sources */ = {isa = PBXBuildFile; fileRef = 3D8583FD148CAF1B00826890 /* SBJsonStreamWriter.m */; };
		3D85840E148CAF1C00826890 /* SBJsonStreamParserState.m in Sources */ = {isa = PBXBuildFile; fileRef = 3D8583FF148CAF1B00826890 /* SBJsonStreamParserState.m */; };
		3D85840F148CAF1C00826890 /* SBJsonStreamParserAdapter.m in Sources */ = {isa = PBXBuildFile; fileRef = 3D858401148CAF1B00826890 /* SBJsonStreamParserAdapter.m */; };
		3D858410148CAF1C00826890 /* SBJsonStreamParser.m in Sources */ = {isa = PBXBuildFile; fileRef = 3D858403148CAF1B00826890 /* SBJsonStreamParser.m */; };
		3D858411148CAF1C00826890 /* SBJsonParser.m in Sources */ = {isa = PBXBuildFile; fileRef = 3D858405148CAF1C00826890 /* SBJsonParser.m */; };
		3D858412148CAF1C00826890 /* NSObject+JSON.m in Sources */ = {isa = PBXBuildFile; fileRef = 3D858407148CAF1C00826890 /* NSObject+JSON.m */; };
		3D858416148CB28000826890 /* Reachability.m in Sources */ = {isa = PBXBuildFile; fileRef = 3D858415148CB28000826890 /* Reachability.m */; };
		3D858419148CB2B100826890 /* CFNetwork.framework in Frameworks */ = {isa = PBXBuildFile; fileRef = 3D858418148CB2B100826890 /* CFNetwork.framework */; };
		3D85841B148CB2E400826890 /* MobileCoreServices.framework in Frameworks */ = {isa = PBXBuildFile; fileRef = 3D85841A148CB2E400826890 /* MobileCoreServices.framework */; };
		3D85841D148CB30F00826890 /* libz.dylib in Frameworks */ = {isa = PBXBuildFile; fileRef = 3D85841C148CB30F00826890 /* libz.dylib */; };
		3D85841F148CB34900826890 /* SystemConfiguration.framework in Frameworks */ = {isa = PBXBuildFile; fileRef = 3D85841E148CB34900826890 /* SystemConfiguration.framework */; };
		3D85842A148CC52C00826890 /* SVProgressHUD.bundle in Resources */ = {isa = PBXBuildFile; fileRef = 3D858427148CC52B00826890 /* SVProgressHUD.bundle */; };
		3D85842B148CC52C00826890 /* SVProgressHUD.m in Sources */ = {isa = PBXBuildFile; fileRef = 3D858429148CC52B00826890 /* SVProgressHUD.m */; };
		3DA0F526148CC672004CF0D8 /* QuartzCore.framework in Frameworks */ = {isa = PBXBuildFile; fileRef = 3DA0F525148CC672004CF0D8 /* QuartzCore.framework */; };
		3DA0F52E148CD16A004CF0D8 /* DirectionsView.m in Sources */ = {isa = PBXBuildFile; fileRef = 3DA0F52D148CD16A004CF0D8 /* DirectionsView.m */; };
		3DA0F537148CE3D8004CF0D8 /* arrow_left.png in Resources */ = {isa = PBXBuildFile; fileRef = 3DA0F533148CE3D8004CF0D8 /* arrow_left.png */; };
		3DA0F538148CE3D8004CF0D8 /* arrow_left@2x.png in Resources */ = {isa = PBXBuildFile; fileRef = 3DA0F534148CE3D8004CF0D8 /* arrow_left@2x.png */; };
		3DA0F539148CE3D8004CF0D8 /* arrow_right.png in Resources */ = {isa = PBXBuildFile; fileRef = 3DA0F535148CE3D8004CF0D8 /* arrow_right.png */; };
		3DA0F53A148CE3D8004CF0D8 /* arrow_right@2x.png in Resources */ = {isa = PBXBuildFile; fileRef = 3DA0F536148CE3D8004CF0D8 /* arrow_right@2x.png */; };
		3DD9954614892029002D874D /* UIKit.framework in Frameworks */ = {isa = PBXBuildFile; fileRef = 3DD9954514892029002D874D /* UIKit.framework */; };
		3DD9954814892029002D874D /* Foundation.framework in Frameworks */ = {isa = PBXBuildFile; fileRef = 3DD9954714892029002D874D /* Foundation.framework */; };
		3DD9954A14892029002D874D /* CoreGraphics.framework in Frameworks */ = {isa = PBXBuildFile; fileRef = 3DD9954914892029002D874D /* CoreGraphics.framework */; };
		3DD9955014892029002D874D /* InfoPlist.strings in Resources */ = {isa = PBXBuildFile; fileRef = 3DD9954E14892029002D874D /* InfoPlist.strings */; };
		3DD9955214892029002D874D /* main.m in Sources */ = {isa = PBXBuildFile; fileRef = 3DD9955114892029002D874D /* main.m */; };
		3DD9955614892029002D874D /* AppDelegate.m in Sources */ = {isa = PBXBuildFile; fileRef = 3DD9955514892029002D874D /* AppDelegate.m */; };
		3DD9955914892029002D874D /* ViewController.m in Sources */ = {isa = PBXBuildFile; fileRef = 3DD9955814892029002D874D /* ViewController.m */; };
		3DD9955C14892029002D874D /* ViewController_iPhone.xib in Resources */ = {isa = PBXBuildFile; fileRef = 3DD9955A14892029002D874D /* ViewController_iPhone.xib */; };
		3DD9955F14892029002D874D /* ViewController_iPad.xib in Resources */ = {isa = PBXBuildFile; fileRef = 3DD9955D14892029002D874D /* ViewController_iPad.xib */; };
		3DD9956B14892058002D874D /* MapDirectionsViewController.m in Sources */ = {isa = PBXBuildFile; fileRef = 3DD9956A14892058002D874D /* MapDirectionsViewController.m */; };
		3DD9956F1489207C002D874D /* MapKit.framework in Frameworks */ = {isa = PBXBuildFile; fileRef = 3DD9956E1489207C002D874D /* MapKit.framework */; };
/* End PBXBuildFile section */

/* Begin PBXFileReference section */
		3D8583CB148CA76F00826890 /* CoreLocation.framework */ = {isa = PBXFileReference; lastKnownFileType = wrapper.framework; name = CoreLocation.framework; path = System/Library/Frameworks/CoreLocation.framework; sourceTree = SDKROOT; };
		3D8583DA148CAE5F00826890 /* ASIAuthenticationDialog.h */ = {isa = PBXFileReference; fileEncoding = 4; lastKnownFileType = sourcecode.c.h; path = ASIAuthenticationDialog.h; sourceTree = "<group>"; };
		3D8583DB148CAE5F00826890 /* ASIAuthenticationDialog.m */ = {isa = PBXFileReference; fileEncoding = 4; lastKnownFileType = sourcecode.c.objc; path = ASIAuthenticationDialog.m; sourceTree = "<group>"; };
		3D8583DC148CAE5F00826890 /* ASICacheDelegate.h */ = {isa = PBXFileReference; fileEncoding = 4; lastKnownFileType = sourcecode.c.h; path = ASICacheDelegate.h; sourceTree = "<group>"; };
		3D8583DD148CAE5F00826890 /* ASIDataCompressor.h */ = {isa = PBXFileReference; fileEncoding = 4; lastKnownFileType = sourcecode.c.h; path = ASIDataCompressor.h; sourceTree = "<group>"; };
		3D8583DE148CAE5F00826890 /* ASIDataCompressor.m */ = {isa = PBXFileReference; fileEncoding = 4; lastKnownFileType = sourcecode.c.objc; path = ASIDataCompressor.m; sourceTree = "<group>"; };
		3D8583DF148CAE5F00826890 /* ASIDataDecompressor.h */ = {isa = PBXFileReference; fileEncoding = 4; lastKnownFileType = sourcecode.c.h; path = ASIDataDecompressor.h; sourceTree = "<group>"; };
		3D8583E0148CAE5F00826890 /* ASIDataDecompressor.m */ = {isa = PBXFileReference; fileEncoding = 4; lastKnownFileType = sourcecode.c.objc; path = ASIDataDecompressor.m; sourceTree = "<group>"; };
		3D8583E1148CAE5F00826890 /* ASIDownloadCache.h */ = {isa = PBXFileReference; fileEncoding = 4; lastKnownFileType = sourcecode.c.h; path = ASIDownloadCache.h; sourceTree = "<group>"; };
		3D8583E2148CAE5F00826890 /* ASIDownloadCache.m */ = {isa = PBXFileReference; fileEncoding = 4; lastKnownFileType = sourcecode.c.objc; path = ASIDownloadCache.m; sourceTree = "<group>"; };
		3D8583E3148CAE5F00826890 /* ASIFormDataRequest.h */ = {isa = PBXFileReference; fileEncoding = 4; lastKnownFileType = sourcecode.c.h; path = ASIFormDataRequest.h; sourceTree = "<group>"; };
		3D8583E4148CAE5F00826890 /* ASIFormDataRequest.m */ = {isa = PBXFileReference; fileEncoding = 4; lastKnownFileType = sourcecode.c.objc; path = ASIFormDataRequest.m; sourceTree = "<group>"; };
		3D8583E5148CAE5F00826890 /* ASIHTTPRequest.h */ = {isa = PBXFileReference; fileEncoding = 4; lastKnownFileType = sourcecode.c.h; path = ASIHTTPRequest.h; sourceTree = "<group>"; };
		3D8583E6148CAE5F00826890 /* ASIHTTPRequest.m */ = {isa = PBXFileReference; fileEncoding = 4; lastKnownFileType = sourcecode.c.objc; path = ASIHTTPRequest.m; sourceTree = "<group>"; };
		3D8583E7148CAE5F00826890 /* ASIHTTPRequestConfig.h */ = {isa = PBXFileReference; fileEncoding = 4; lastKnownFileType = sourcecode.c.h; path = ASIHTTPRequestConfig.h; sourceTree = "<group>"; };
		3D8583E8148CAE5F00826890 /* ASIHTTPRequestDelegate.h */ = {isa = PBXFileReference; fileEncoding = 4; lastKnownFileType = sourcecode.c.h; path = ASIHTTPRequestDelegate.h; sourceTree = "<group>"; };
		3D8583E9148CAE5F00826890 /* ASIInputStream.h */ = {isa = PBXFileReference; fileEncoding = 4; lastKnownFileType = sourcecode.c.h; path = ASIInputStream.h; sourceTree = "<group>"; };
		3D8583EA148CAE5F00826890 /* ASIInputStream.m */ = {isa = PBXFileReference; fileEncoding = 4; lastKnownFileType = sourcecode.c.objc; path = ASIInputStream.m; sourceTree = "<group>"; };
		3D8583EB148CAE5F00826890 /* ASINetworkQueue.h */ = {isa = PBXFileReference; fileEncoding = 4; lastKnownFileType = sourcecode.c.h; path = ASINetworkQueue.h; sourceTree = "<group>"; };
		3D8583EC148CAE5F00826890 /* ASINetworkQueue.m */ = {isa = PBXFileReference; fileEncoding = 4; lastKnownFileType = sourcecode.c.objc; path = ASINetworkQueue.m; sourceTree = "<group>"; };
		3D8583ED148CAE5F00826890 /* ASIProgressDelegate.h */ = {isa = PBXFileReference; fileEncoding = 4; lastKnownFileType = sourcecode.c.h; path = ASIProgressDelegate.h; sourceTree = "<group>"; };
		3D8583F7148CAF1B00826890 /* SBJsonWriter.m */ = {isa = PBXFileReference; fileEncoding = 4; lastKnownFileType = sourcecode.c.objc; path = SBJsonWriter.m; sourceTree = "<group>"; };
		3D8583F8148CAF1B00826890 /* SBJsonWriter.h */ = {isa = PBXFileReference; fileEncoding = 4; lastKnownFileType = sourcecode.c.h; path = SBJsonWriter.h; sourceTree = "<group>"; };
		3D8583F9148CAF1B00826890 /* SBJsonTokeniser.m */ = {isa = PBXFileReference; fileEncoding = 4; lastKnownFileType = sourcecode.c.objc; path = SBJsonTokeniser.m; sourceTree = "<group>"; };
		3D8583FA148CAF1B00826890 /* SBJsonTokeniser.h */ = {isa = PBXFileReference; fileEncoding = 4; lastKnownFileType = sourcecode.c.h; path = SBJsonTokeniser.h; sourceTree = "<group>"; };
		3D8583FB148CAF1B00826890 /* SBJsonStreamWriterState.m */ = {isa = PBXFileReference; fileEncoding = 4; lastKnownFileType = sourcecode.c.objc; path = SBJsonStreamWriterState.m; sourceTree = "<group>"; };
		3D8583FC148CAF1B00826890 /* SBJsonStreamWriterState.h */ = {isa = PBXFileReference; fileEncoding = 4; lastKnownFileType = sourcecode.c.h; path = SBJsonStreamWriterState.h; sourceTree = "<group>"; };
		3D8583FD148CAF1B00826890 /* SBJsonStreamWriter.m */ = {isa = PBXFileReference; fileEncoding = 4; lastKnownFileType = sourcecode.c.objc; path = SBJsonStreamWriter.m; sourceTree = "<group>"; };
		3D8583FE148CAF1B00826890 /* SBJsonStreamWriter.h */ = {isa = PBXFileReference; fileEncoding = 4; lastKnownFileType = sourcecode.c.h; path = SBJsonStreamWriter.h; sourceTree = "<group>"; };
		3D8583FF148CAF1B00826890 /* SBJsonStreamParserState.m */ = {isa = PBXFileReference; fileEncoding = 4; lastKnownFileType = sourcecode.c.objc; path = SBJsonStreamParserState.m; sourceTree = "<group>"; };
		3D858400148CAF1B00826890 /* SBJsonStreamParserState.h */ = {isa = PBXFileReference; fileEncoding = 4; lastKnownFileType = sourcecode.c.h; path = SBJsonStreamParserState.h; sourceTree = "<group>"; };
		3D858401148CAF1B00826890 /* SBJsonStreamParserAdapter.m */ = {isa = PBXFileReference; fileEncoding = 4; lastKnownFileType = sourcecode.c.objc; path = SBJsonStreamParserAdapter.m; sourceTree = "<group>"; };
		3D858402148CAF1B00826890 /* SBJsonStreamParserAdapter.h */ = {isa = PBXFileReference; fileEncoding = 4; lastKnownFileType = sourcecode.c.h; path = SBJsonStreamParserAdapter.h; sourceTree = "<group>"; };
		3D858403148CAF1B00826890 /* SBJsonStreamParser.m */ = {isa = PBXFileReference; fileEncoding = 4; lastKnownFileType = sourcecode.c.objc; path = SBJsonStreamParser.m; sourceTree = "<group>"; };
		3D858404148CAF1B00826890 /* SBJsonStreamParser.h */ = {isa = PBXFileReference; fileEncoding = 4; lastKnownFileType = sourcecode.c.h; path = SBJsonStreamParser.h; sourceTree = "<group>"; };
		3D858405148CAF1C00826890 /* SBJsonParser.m */ = {isa = PBXFileReference; fileEncoding = 4; lastKnownFileType = sourcecode.c.objc; path = SBJsonParser.m; sourceTree = "<group>"; };
		3D858406148CAF1C00826890 /* SBJsonParser.h */ = {isa = PBXFileReference; fileEncoding = 4; lastKnownFileType = sourcecode.c.h; path = SBJsonParser.h; sourceTree = "<group>"; };
		3D858407148CAF1C00826890 /* NSObject+JSON.m */ = {isa = PBXFileReference; fileEncoding = 4; lastKnownFileType = sourcecode.c.objc; path = "NSObject+JSON.m"; sourceTree = "<group>"; };
		3D858408148CAF1C00826890 /* NSObject+JSON.h */ = {isa = PBXFileReference; fileEncoding = 4; lastKnownFileType = sourcecode.c.h; path = "NSObject+JSON.h"; sourceTree = "<group>"; };
		3D858409148CAF1C00826890 /* JSON.h */ = {isa = PBXFileReference; fileEncoding = 4; lastKnownFileType = sourcecode.c.h; path = JSON.h; sourceTree = "<group>"; };
		3D858414148CB27F00826890 /* Reachability.h */ = {isa = PBXFileReference; fileEncoding = 4; lastKnownFileType = sourcecode.c.h; path = Reachability.h; sourceTree = "<group>"; };
		3D858415148CB28000826890 /* Reachability.m */ = {isa = PBXFileReference; fileEncoding = 4; lastKnownFileType = sourcecode.c.objc; path = Reachability.m; sourceTree = "<group>"; };
		3D858418148CB2B100826890 /* CFNetwork.framework */ = {isa = PBXFileReference; lastKnownFileType = wrapper.framework; name = CFNetwork.framework; path = System/Library/Frameworks/CFNetwork.framework; sourceTree = SDKROOT; };
		3D85841A148CB2E400826890 /* MobileCoreServices.framework */ = {isa = PBXFileReference; lastKnownFileType = wrapper.framework; name = MobileCoreServices.framework; path = System/Library/Frameworks/MobileCoreServices.framework; sourceTree = SDKROOT; };
		3D85841C148CB30F00826890 /* libz.dylib */ = {isa = PBXFileReference; lastKnownFileType = "compiled.mach-o.dylib"; name = libz.dylib; path = usr/lib/libz.dylib; sourceTree = SDKROOT; };
		3D85841E148CB34900826890 /* SystemConfiguration.framework */ = {isa = PBXFileReference; lastKnownFileType = wrapper.framework; name = SystemConfiguration.framework; path = System/Library/Frameworks/SystemConfiguration.framework; sourceTree = SDKROOT; };
		3D858427148CC52B00826890 /* SVProgressHUD.bundle */ = {isa = PBXFileReference; lastKnownFileType = "wrapper.plug-in"; path = SVProgressHUD.bundle; sourceTree = "<group>"; };
		3D858428148CC52B00826890 /* SVProgressHUD.h */ = {isa = PBXFileReference; fileEncoding = 4; lastKnownFileType = sourcecode.c.h; path = SVProgressHUD.h; sourceTree = "<group>"; };
		3D858429148CC52B00826890 /* SVProgressHUD.m */ = {isa = PBXFileReference; fileEncoding = 4; lastKnownFileType = sourcecode.c.objc; path = SVProgressHUD.m; sourceTree = "<group>"; };
		3DA0F525148CC672004CF0D8 /* QuartzCore.framework */ = {isa = PBXFileReference; lastKnownFileType = wrapper.framework; name = QuartzCore.framework; path = System/Library/Frameworks/QuartzCore.framework; sourceTree = SDKROOT; };
		3DA0F52C148CD16A004CF0D8 /* DirectionsView.h */ = {isa = PBXFileReference; fileEncoding = 4; lastKnownFileType = sourcecode.c.h; name = DirectionsView.h; path = ../../DirectionsView.h; sourceTree = "<group>"; };
		3DA0F52D148CD16A004CF0D8 /* DirectionsView.m */ = {isa = PBXFileReference; fileEncoding = 4; lastKnownFileType = sourcecode.c.objc; name = DirectionsView.m; path = ../../DirectionsView.m; sourceTree = "<group>"; };
		3DA0F533148CE3D8004CF0D8 /* arrow_left.png */ = {isa = PBXFileReference; lastKnownFileType = image.png; path = arrow_left.png; sourceTree = "<group>"; };
		3DA0F534148CE3D8004CF0D8 /* arrow_left@2x.png */ = {isa = PBXFileReference; lastKnownFileType = image.png; path = "arrow_left@2x.png"; sourceTree = "<group>"; };
		3DA0F535148CE3D8004CF0D8 /* arrow_right.png */ = {isa = PBXFileReference; lastKnownFileType = image.png; path = arrow_right.png; sourceTree = "<group>"; };
		3DA0F536148CE3D8004CF0D8 /* arrow_right@2x.png */ = {isa = PBXFileReference; lastKnownFileType = image.png; path = "arrow_right@2x.png"; sourceTree = "<group>"; };
		3DD9954114892029002D874D /* MapDirectionsViewExample.app */ = {isa = PBXFileReference; explicitFileType = wrapper.application; includeInIndex = 0; path = MapDirectionsViewExample.app; sourceTree = BUILT_PRODUCTS_DIR; };
		3DD9954514892029002D874D /* UIKit.framework */ = {isa = PBXFileReference; lastKnownFileType = wrapper.framework; name = UIKit.framework; path = System/Library/Frameworks/UIKit.framework; sourceTree = SDKROOT; };
		3DD9954714892029002D874D /* Foundation.framework */ = {isa = PBXFileReference; lastKnownFileType = wrapper.framework; name = Foundation.framework; path = System/Library/Frameworks/Foundation.framework; sourceTree = SDKROOT; };
		3DD9954914892029002D874D /* CoreGraphics.framework */ = {isa = PBXFileReference; lastKnownFileType = wrapper.framework; name = CoreGraphics.framework; path = System/Library/Frameworks/CoreGraphics.framework; sourceTree = SDKROOT; };
		3DD9954D14892029002D874D /* MapDirectionsViewExample-Info.plist */ = {isa = PBXFileReference; lastKnownFileType = text.plist.xml; path = "MapDirectionsViewExample-Info.plist"; sourceTree = "<group>"; };
		3DD9954F14892029002D874D /* en */ = {isa = PBXFileReference; lastKnownFileType = text.plist.strings; name = en; path = en.lproj/InfoPlist.strings; sourceTree = "<group>"; };
		3DD9955114892029002D874D /* main.m */ = {isa = PBXFileReference; lastKnownFileType = sourcecode.c.objc; path = main.m; sourceTree = "<group>"; };
		3DD9955314892029002D874D /* MapDirectionsViewExample-Prefix.pch */ = {isa = PBXFileReference; lastKnownFileType = sourcecode.c.h; path = "MapDirectionsViewExample-Prefix.pch"; sourceTree = "<group>"; };
		3DD9955414892029002D874D /* AppDelegate.h */ = {isa = PBXFileReference; lastKnownFileType = sourcecode.c.h; path = AppDelegate.h; sourceTree = "<group>"; };
		3DD9955514892029002D874D /* AppDelegate.m */ = {isa = PBXFileReference; lastKnownFileType = sourcecode.c.objc; path = AppDelegate.m; sourceTree = "<group>"; };
		3DD9955714892029002D874D /* ViewController.h */ = {isa = PBXFileReference; lastKnownFileType = sourcecode.c.h; path = ViewController.h; sourceTree = "<group>"; };
		3DD9955814892029002D874D /* ViewController.m */ = {isa = PBXFileReference; lastKnownFileType = sourcecode.c.objc; path = ViewController.m; sourceTree = "<group>"; };
		3DD9955B14892029002D874D /* en */ = {isa = PBXFileReference; lastKnownFileType = file.xib; name = en; path = en.lproj/ViewController_iPhone.xib; sourceTree = "<group>"; };
		3DD9955E14892029002D874D /* en */ = {isa = PBXFileReference; lastKnownFileType = file.xib; name = en; path = en.lproj/ViewController_iPad.xib; sourceTree = "<group>"; };
		3DD9956914892058002D874D /* MapDirectionsViewController.h */ = {isa = PBXFileReference; fileEncoding = 4; name = MapDirectionsViewController.h; path = ../../MapDirectionsViewController.h; sourceTree = "<group>"; };
		3DD9956A14892058002D874D /* MapDirectionsViewController.m */ = {isa = PBXFileReference; fileEncoding = 4; lastKnownFileType = sourcecode.c.objc; name = MapDirectionsViewController.m; path = ../../MapDirectionsViewController.m; sourceTree = "<group>"; };
		3DD9956E1489207C002D874D /* MapKit.framework */ = {isa = PBXFileReference; lastKnownFileType = wrapper.framework; name = MapKit.framework; path = System/Library/Frameworks/MapKit.framework; sourceTree = SDKROOT; };
/* End PBXFileReference section */

/* Begin PBXFrameworksBuildPhase section */
		3DD9953E14892029002D874D /* Frameworks */ = {
			isa = PBXFrameworksBuildPhase;
			buildActionMask = 2147483647;
			files = (
				3DA0F526148CC672004CF0D8 /* QuartzCore.framework in Frameworks */,
				3D85841F148CB34900826890 /* SystemConfiguration.framework in Frameworks */,
				3D85841D148CB30F00826890 /* libz.dylib in Frameworks */,
				3D85841B148CB2E400826890 /* MobileCoreServices.framework in Frameworks */,
				3D858419148CB2B100826890 /* CFNetwork.framework in Frameworks */,
				3D8583CC148CA76F00826890 /* CoreLocation.framework in Frameworks */,
				3DD9956F1489207C002D874D /* MapKit.framework in Frameworks */,
				3DD9954614892029002D874D /* UIKit.framework in Frameworks */,
				3DD9954814892029002D874D /* Foundation.framework in Frameworks */,
				3DD9954A14892029002D874D /* CoreGraphics.framework in Frameworks */,
			);
			runOnlyForDeploymentPostprocessing = 0;
		};
/* End PBXFrameworksBuildPhase section */

/* Begin PBXGroup section */
		3D8583F6148CAE6600826890 /* ASIHttpRequest */ = {
			isa = PBXGroup;
			children = (
				3D8583DA148CAE5F00826890 /* ASIAuthenticationDialog.h */,
				3D8583DB148CAE5F00826890 /* ASIAuthenticationDialog.m */,
				3D8583DC148CAE5F00826890 /* ASICacheDelegate.h */,
				3D8583DD148CAE5F00826890 /* ASIDataCompressor.h */,
				3D8583DE148CAE5F00826890 /* ASIDataCompressor.m */,
				3D8583DF148CAE5F00826890 /* ASIDataDecompressor.h */,
				3D8583E0148CAE5F00826890 /* ASIDataDecompressor.m */,
				3D8583E1148CAE5F00826890 /* ASIDownloadCache.h */,
				3D8583E2148CAE5F00826890 /* ASIDownloadCache.m */,
				3D8583E3148CAE5F00826890 /* ASIFormDataRequest.h */,
				3D8583E4148CAE5F00826890 /* ASIFormDataRequest.m */,
				3D8583E5148CAE5F00826890 /* ASIHTTPRequest.h */,
				3D8583E6148CAE5F00826890 /* ASIHTTPRequest.m */,
				3D8583E7148CAE5F00826890 /* ASIHTTPRequestConfig.h */,
				3D8583E8148CAE5F00826890 /* ASIHTTPRequestDelegate.h */,
				3D8583E9148CAE5F00826890 /* ASIInputStream.h */,
				3D8583EA148CAE5F00826890 /* ASIInputStream.m */,
				3D8583EB148CAE5F00826890 /* ASINetworkQueue.h */,
				3D8583EC148CAE5F00826890 /* ASINetworkQueue.m */,
				3D8583ED148CAE5F00826890 /* ASIProgressDelegate.h */,
			);
			name = ASIHttpRequest;
			sourceTree = "<group>";
		};
		3D858413148CAF2200826890 /* SBJson */ = {
			isa = PBXGroup;
			children = (
				3D8583F7148CAF1B00826890 /* SBJsonWriter.m */,
				3D8583F8148CAF1B00826890 /* SBJsonWriter.h */,
				3D8583F9148CAF1B00826890 /* SBJsonTokeniser.m */,
				3D8583FA148CAF1B00826890 /* SBJsonTokeniser.h */,
				3D8583FB148CAF1B00826890 /* SBJsonStreamWriterState.m */,
				3D8583FC148CAF1B00826890 /* SBJsonStreamWriterState.h */,
				3D8583FD148CAF1B00826890 /* SBJsonStreamWriter.m */,
				3D8583FE148CAF1B00826890 /* SBJsonStreamWriter.h */,
				3D8583FF148CAF1B00826890 /* SBJsonStreamParserState.m */,
				3D858400148CAF1B00826890 /* SBJsonStreamParserState.h */,
				3D858401148CAF1B00826890 /* SBJsonStreamParserAdapter.m */,
				3D858402148CAF1B00826890 /* SBJsonStreamParserAdapter.h */,
				3D858403148CAF1B00826890 /* SBJsonStreamParser.m */,
				3D858404148CAF1B00826890 /* SBJsonStreamParser.h */,
				3D858405148CAF1C00826890 /* SBJsonParser.m */,
				3D858406148CAF1C00826890 /* SBJsonParser.h */,
				3D858407148CAF1C00826890 /* NSObject+JSON.m */,
				3D858408148CAF1C00826890 /* NSObject+JSON.h */,
				3D858409148CAF1C00826890 /* JSON.h */,
			);
			name = SBJson;
			sourceTree = "<group>";
		};
		3D858417148CB28300826890 /* Reachabillity */ = {
			isa = PBXGroup;
			children = (
				3D858414148CB27F00826890 /* Reachability.h */,
				3D858415148CB28000826890 /* Reachability.m */,
			);
			name = Reachabillity;
			sourceTree = "<group>";
		};
		3D85842C148CC53400826890 /* SVProgressHUD */ = {
			isa = PBXGroup;
			children = (
				3D858427148CC52B00826890 /* SVProgressHUD.bundle */,
				3D858428148CC52B00826890 /* SVProgressHUD.h */,
				3D858429148CC52B00826890 /* SVProgressHUD.m */,
			);
			name = SVProgressHUD;
			sourceTree = "<group>";
		};
		3DD9953614892029002D874D = {
			isa = PBXGroup;
			children = (
				3DD9954B14892029002D874D /* MapDirectionsViewExample */,
				3DD9954414892029002D874D /* Frameworks */,
				3DD9954214892029002D874D /* Products */,
			);
			sourceTree = "<group>";
		};
		3DD9954214892029002D874D /* Products */ = {
			isa = PBXGroup;
			children = (
				3DD9954114892029002D874D /* MapDirectionsViewExample.app */,
			);
			name = Products;
			sourceTree = "<group>";
		};
		3DD9954414892029002D874D /* Frameworks */ = {
			isa = PBXGroup;
			children = (
				3DA0F525148CC672004CF0D8 /* QuartzCore.framework */,
				3D85841E148CB34900826890 /* SystemConfiguration.framework */,
				3D85841C148CB30F00826890 /* libz.dylib */,
				3D85841A148CB2E400826890 /* MobileCoreServices.framework */,
				3D858418148CB2B100826890 /* CFNetwork.framework */,
				3D8583CB148CA76F00826890 /* CoreLocation.framework */,
				3DD9956E1489207C002D874D /* MapKit.framework */,
				3DD9954514892029002D874D /* UIKit.framework */,
				3DD9954714892029002D874D /* Foundation.framework */,
				3DD9954914892029002D874D /* CoreGraphics.framework */,
			);
			name = Frameworks;
			sourceTree = "<group>";
		};
		3DD9954B14892029002D874D /* MapDirectionsViewExample */ = {
			isa = PBXGroup;
			children = (
				3D85842C148CC53400826890 /* SVProgressHUD */,
				3D858417148CB28300826890 /* Reachabillity */,
				3D858413148CAF2200826890 /* SBJson */,
				3D8583F6148CAE6600826890 /* ASIHttpRequest */,
				3DD9956D1489205C002D874D /* MapDirectionsView */,
				3DD9955414892029002D874D /* AppDelegate.h */,
				3DD9955514892029002D874D /* AppDelegate.m */,
				3DD9955714892029002D874D /* ViewController.h */,
				3DD9955814892029002D874D /* ViewController.m */,
				3DD9955A14892029002D874D /* ViewController_iPhone.xib */,
				3DD9955D14892029002D874D /* ViewController_iPad.xib */,
				3DD9954C14892029002D874D /* Supporting Files */,
			);
			path = MapDirectionsViewExample;
			sourceTree = "<group>";
		};
		3DD9954C14892029002D874D /* Supporting Files */ = {
			isa = PBXGroup;
			children = (
				3DA0F533148CE3D8004CF0D8 /* arrow_left.png */,
				3DA0F534148CE3D8004CF0D8 /* arrow_left@2x.png */,
				3DA0F535148CE3D8004CF0D8 /* arrow_right.png */,
				3DA0F536148CE3D8004CF0D8 /* arrow_right@2x.png */,
				3DD9954D14892029002D874D /* MapDirectionsViewExample-Info.plist */,
				3DD9954E14892029002D874D /* InfoPlist.strings */,
				3DD9955114892029002D874D /* main.m */,
				3DD9955314892029002D874D /* MapDirectionsViewExample-Prefix.pch */,
			);
			name = "Supporting Files";
			sourceTree = "<group>";
		};
		3DD9956D1489205C002D874D /* MapDirectionsView */ = {
			isa = PBXGroup;
			children = (
				3DD9956914892058002D874D /* MapDirectionsViewController.h */,
				3DD9956A14892058002D874D /* MapDirectionsViewController.m */,
				3DA0F52C148CD16A004CF0D8 /* DirectionsView.h */,
				3DA0F52D148CD16A004CF0D8 /* DirectionsView.m */,
			);
			name = MapDirectionsView;
			sourceTree = "<group>";
		};
/* End PBXGroup section */

/* Begin PBXNativeTarget section */
		3DD9954014892029002D874D /* MapDirectionsViewExample */ = {
			isa = PBXNativeTarget;
			buildConfigurationList = 3DD9956214892029002D874D /* Build configuration list for PBXNativeTarget "MapDirectionsViewExample" */;
			buildPhases = (
				3DD9953D14892029002D874D /* Sources */,
				3DD9953E14892029002D874D /* Frameworks */,
				3DD9953F14892029002D874D /* Resources */,
			);
			buildRules = (
			);
			dependencies = (
			);
			name = MapDirectionsViewExample;
			productName = MapDirectionsViewExample;
			productReference = 3DD9954114892029002D874D /* MapDirectionsViewExample.app */;
			productType = "com.apple.product-type.application";
		};
/* End PBXNativeTarget section */

/* Begin PBXProject section */
		3DD9953814892029002D874D /* Project object */ = {
			isa = PBXProject;
			attributes = {
				LastUpgradeCheck = 0420;
			};
			buildConfigurationList = 3DD9953B14892029002D874D /* Build configuration list for PBXProject "MapDirectionsViewExample" */;
			compatibilityVersion = "Xcode 3.2";
			developmentRegion = English;
			hasScannedForEncodings = 0;
			knownRegions = (
				en,
			);
			mainGroup = 3DD9953614892029002D874D;
			productRefGroup = 3DD9954214892029002D874D /* Products */;
			projectDirPath = "";
			projectRoot = "";
			targets = (
				3DD9954014892029002D874D /* MapDirectionsViewExample */,
			);
		};
/* End PBXProject section */

/* Begin PBXResourcesBuildPhase section */
		3DD9953F14892029002D874D /* Resources */ = {
			isa = PBXResourcesBuildPhase;
			buildActionMask = 2147483647;
			files = (
				3DD9955014892029002D874D /* InfoPlist.strings in Resources */,
				3DD9955C14892029002D874D /* ViewController_iPhone.xib in Resources */,
				3DD9955F14892029002D874D /* ViewController_iPad.xib in Resources */,
				3D85842A148CC52C00826890 /* SVProgressHUD.bundle in Resources */,
				3DA0F537148CE3D8004CF0D8 /* arrow_left.png in Resources */,
				3DA0F538148CE3D8004CF0D8 /* arrow_left@2x.png in Resources */,
				3DA0F539148CE3D8004CF0D8 /* arrow_right.png in Resources */,
				3DA0F53A148CE3D8004CF0D8 /* arrow_right@2x.png in Resources */,
			);
			runOnlyForDeploymentPostprocessing = 0;
		};
/* End PBXResourcesBuildPhase section */

/* Begin PBXSourcesBuildPhase section */
		3DD9953D14892029002D874D /* Sources */ = {
			isa = PBXSourcesBuildPhase;
			buildActionMask = 2147483647;
			files = (
				3DD9955214892029002D874D /* main.m in Sources */,
				3DD9955614892029002D874D /* AppDelegate.m in Sources */,
				3DD9955914892029002D874D /* ViewController.m in Sources */,
				3DD9956B14892058002D874D /* MapDirectionsViewController.m in Sources */,
				3D8583EE148CAE5F00826890 /* ASIAuthenticationDialog.m in Sources */,
				3D8583EF148CAE5F00826890 /* ASIDataCompressor.m in Sources */,
				3D8583F0148CAE5F00826890 /* ASIDataDecompressor.m in Sources */,
				3D8583F1148CAE5F00826890 /* ASIDownloadCache.m in Sources */,
				3D8583F2148CAE5F00826890 /* ASIFormDataRequest.m in Sources */,
				3D8583F3148CAE5F00826890 /* ASIHTTPRequest.m in Sources */,
				3D8583F4148CAE5F00826890 /* ASIInputStream.m in Sources */,
				3D8583F5148CAE5F00826890 /* ASINetworkQueue.m in Sources */,
				3D85840A148CAF1C00826890 /* SBJsonWriter.m in Sources */,
				3D85840B148CAF1C00826890 /* SBJsonTokeniser.m in Sources */,
				3D85840C148CAF1C00826890 /* SBJsonStreamWriterState.m in Sources */,
				3D85840D148CAF1C00826890 /* SBJsonStreamWriter.m in Sources */,
				3D85840E148CAF1C00826890 /* SBJsonStreamParserState.m in Sources */,
				3D85840F148CAF1C00826890 /* SBJsonStreamParserAdapter.m in Sources */,
				3D858410148CAF1C00826890 /* SBJsonStreamParser.m in Sources */,
				3D858411148CAF1C00826890 /* SBJsonParser.m in Sources */,
				3D858412148CAF1C00826890 /* NSObject+JSON.m in Sources */,
				3D858416148CB28000826890 /* Reachability.m in Sources */,
				3D85842B148CC52C00826890 /* SVProgressHUD.m in Sources */,
				3DA0F52E148CD16A004CF0D8 /* DirectionsView.m in Sources */,
			);
			runOnlyForDeploymentPostprocessing = 0;
		};
/* End PBXSourcesBuildPhase section */

/* Begin PBXVariantGroup section */
		3DD9954E14892029002D874D /* InfoPlist.strings */ = {
			isa = PBXVariantGroup;
			children = (
				3DD9954F14892029002D874D /* en */,
			);
			name = InfoPlist.strings;
			sourceTree = "<group>";
		};
		3DD9955A14892029002D874D /* ViewController_iPhone.xib */ = {
			isa = PBXVariantGroup;
			children = (
				3DD9955B14892029002D874D /* en */,
			);
			name = ViewController_iPhone.xib;
			sourceTree = "<group>";
		};
		3DD9955D14892029002D874D /* ViewController_iPad.xib */ = {
			isa = PBXVariantGroup;
			children = (
				3DD9955E14892029002D874D /* en */,
			);
			name = ViewController_iPad.xib;
			sourceTree = "<group>";
		};
/* End PBXVariantGroup section */

/* Begin XCBuildConfiguration section */
		3DD9956014892029002D874D /* Debug */ = {
			isa = XCBuildConfiguration;
			buildSettings = {
				ALWAYS_SEARCH_USER_PATHS = NO;
				ARCHS = "$(ARCHS_STANDARD_32_BIT)";
				"CODE_SIGN_IDENTITY[sdk=iphoneos*]" = "iPhone Developer";
				COPY_PHASE_STRIP = NO;
				GCC_C_LANGUAGE_STANDARD = gnu99;
				GCC_DYNAMIC_NO_PIC = NO;
				GCC_OPTIMIZATION_LEVEL = 0;
				GCC_PREPROCESSOR_DEFINITIONS = (
					"DEBUG=1",
					"$(inherited)",
				);
				GCC_SYMBOLS_PRIVATE_EXTERN = NO;
				GCC_VERSION = com.apple.compilers.llvm.clang.1_0;
				GCC_WARN_ABOUT_MISSING_PROTOTYPES = YES;
				GCC_WARN_ABOUT_RETURN_TYPE = YES;
				GCC_WARN_UNUSED_VARIABLE = YES;
				IPHONEOS_DEPLOYMENT_TARGET = 5.0;
				SDKROOT = iphoneos;
				TARGETED_DEVICE_FAMILY = "1,2";
			};
			name = Debug;
		};
		3DD9956114892029002D874D /* Release */ = {
			isa = XCBuildConfiguration;
			buildSettings = {
				ALWAYS_SEARCH_USER_PATHS = NO;
				ARCHS = "$(ARCHS_STANDARD_32_BIT)";
				"CODE_SIGN_IDENTITY[sdk=iphoneos*]" = "iPhone Developer";
				COPY_PHASE_STRIP = YES;
				GCC_C_LANGUAGE_STANDARD = gnu99;
				GCC_VERSION = com.apple.compilers.llvm.clang.1_0;
				GCC_WARN_ABOUT_MISSING_PROTOTYPES = YES;
				GCC_WARN_ABOUT_RETURN_TYPE = YES;
				GCC_WARN_UNUSED_VARIABLE = YES;
				IPHONEOS_DEPLOYMENT_TARGET = 5.0;
				OTHER_CFLAGS = "-DNS_BLOCK_ASSERTIONS=1";
				SDKROOT = iphoneos;
				TARGETED_DEVICE_FAMILY = "1,2";
				VALIDATE_PRODUCT = YES;
			};
			name = Release;
		};
		3DD9956314892029002D874D /* Debug */ = {
			isa = XCBuildConfiguration;
			buildSettings = {
				GCC_PRECOMPILE_PREFIX_HEADER = YES;
				GCC_PREFIX_HEADER = "MapDirectionsViewExample/MapDirectionsViewExample-Prefix.pch";
				INFOPLIST_FILE = "MapDirectionsViewExample/MapDirectionsViewExample-Info.plist";
				IPHONEOS_DEPLOYMENT_TARGET = 4.2;
				PRODUCT_NAME = "$(TARGET_NAME)";
				WRAPPER_EXTENSION = app;
			};
			name = Debug;
		};
		3DD9956414892029002D874D /* Release */ = {
			isa = XCBuildConfiguration;
			buildSettings = {
				GCC_PRECOMPILE_PREFIX_HEADER = YES;
				GCC_PREFIX_HEADER = "MapDirectionsViewExample/MapDirectionsViewExample-Prefix.pch";
				INFOPLIST_FILE = "MapDirectionsViewExample/MapDirectionsViewExample-Info.plist";
				IPHONEOS_DEPLOYMENT_TARGET = 4.2;
				PRODUCT_NAME = "$(TARGET_NAME)";
				WRAPPER_EXTENSION = app;
			};
			name = Release;
		};
/* End XCBuildConfiguration section */

/* Begin XCConfigurationList section */
		3DD9953B14892029002D874D /* Build configuration list for PBXProject "MapDirectionsViewExample" */ = {
			isa = XCConfigurationList;
			buildConfigurations = (
				3DD9956014892029002D874D /* Debug */,
				3DD9956114892029002D874D /* Release */,
			);
			defaultConfigurationIsVisible = 0;
			defaultConfigurationName = Release;
		};
		3DD9956214892029002D874D /* Build configuration list for PBXNativeTarget "MapDirectionsViewExample" */ = {
			isa = XCConfigurationList;
			buildConfigurations = (
				3DD9956314892029002D874D /* Debug */,
				3DD9956414892029002D874D /* Release */,
			);
			defaultConfigurationIsVisible = 0;
			defaultConfigurationName = Release;
		};
/* End XCConfigurationList section */
	};
	rootObject = 3DD9953814892029002D874D /* Project object */;
}
